Microsoft Visual Studio Solution File, Format Version 12.00
# Visual Studio Version 17
VisualStudioVersion = 17.5.2.0
MinimumVisualStudioVersion = 10.0.40219.1
Project("{9A19103F-16F7-4668-BE54-9A1E7A4F7556}") = "TimeIn.API", "TimeIn.API\TimeIn.API.csproj", "{CCDBD01A-BF60-C730-DAB2-9435B9BFA316}"
EndProject
Global
	GlobalSection(SolutionConfigurationPlatforms) = preSolution
		Debug|Any CPU = Debug|Any CPU
		Release|Any CPU = Release|Any CPU
	EndGlobalSection
	GlobalSection(ProjectConfigurationPlatforms) = postSolution
		{CCDBD01A-BF60-C730-DAB2-9435B9BFA316}.Debug|Any CPU.ActiveCfg = Debug|Any CPU
		{CCDBD01A-BF60-C730-DAB2-9435B9BFA316}.Debug|Any CPU.Build.0 = Debug|Any CPU
		{CCDBD01A-BF60-C730-DAB2-9435B9BFA316}.Release|Any CPU.ActiveCfg = Release|Any CPU
		{CCDBD01A-BF60-C730-DAB2-9435B9BFA316}.Release|Any CPU.Build.0 = Release|Any CPU
	EndGlobalSection
	GlobalSection(SolutionProperties) = preSolution
		HideSolutionNode = FALSE
	EndGlobalSection
	GlobalSection(ExtensibilityGlobals) = postSolution
		SolutionGuid = {54BA970C-D7B2-4CA0-85F9-FF3FA2FC9FE4}
	EndGlobalSection
EndGlobal
